{
  "requires": true,
  "lockfileVersion": 1,
  "dependencies": {
    "conic-gradient": {
      "version": "1.0.0",
      "resolved": "https://registry.npmjs.org/conic-gradient/-/conic-gradient-1.0.0.tgz",
      "integrity": "sha512-TEmM3Ondx8nid2AN0Rsw6eQG7PgTUkL6gs90UqX1cNqO/bpt/H/Rw6DwbzoylQ9SSxqLG1SsteAr9/yBsAzdtw==",
      "requires": {
        "prefixfree": "^1.0.0"
      }
    },
    "prefixfree": {
      "version": "1.0.0",
      "resolved": "https://registry.npmjs.org/prefixfree/-/prefixfree-1.0.0.tgz",
      "integrity": "sha1-grDtu6wQfyo+LcVp1sPfQDXNeRA="
    }
  }
}
